
Microsoft Visual Studio Solution File, Format Version 12.00
# Visual Studio Version 17
VisualStudioVersion = 17.11.35312.102
MinimumVisualStudioVersion = 10.0.40219.1
Project("{2150E333-8FDC-42A3-9474-1A3956D46DE8}") = "Task0", "Task0", "{BA61FA1A-CB9B-4AA8-B9CB-84BDBF53BB53}"
EndProject
Project("{FAE04EC0-301F-11D3-BF4B-00C04F79EFBC}") = "Tyuiu.Ternovoi.Sprint0.Task0.V0", "Tyuiu.Ternovoi.Sprint0.Task0.V0\Tyuiu.Ternovoi.Sprint0.Task0.V0.csproj", "{0419E199-8E57-4BBC-9DBE-A4CDE1960C0A}"
EndProject
Project("{2150E333-8FDC-42A3-9474-1A3956D46DE8}") = "Task1", "Task1", "{58852ACB-1A0B-485D-8FFE-3E62658C26A2}"
EndProject
Project("{FAE04EC0-301F-11D3-BF4B-00C04F79EFBC}") = "Tyuiu.TernovoiDV.Sprint0.Task1.V0", "Tyuiu.TernovoiDV.Sprint0.Task1.V0\Tyuiu.TernovoiDV.Sprint0.Task1.V0.csproj", "{6133B689-FA16-41D4-ADFE-5A230DD55709}"
EndProject
Project("{2150E333-8FDC-42A3-9474-1A3956D46DE8}") = "Task2", "Task2", "{F6F61B3E-E603-4987-99AA-A976C25590CF}"
EndProject
Project("{FAE04EC0-301F-11D3-BF4B-00C04F79EFBC}") = "Tyuiu.TernovoiDV.Sprint0.Task2.V0", "Tyuiu.TernovoiDV.Sprint0.Task2.V0\Tyuiu.TernovoiDV.Sprint0.Task2.V0.csproj", "{DD8657E6-0BF2-429C-8DA6-9358D19C5535}"
EndProject
Project("{FAE04EC0-301F-11D3-BF4B-00C04F79EFBC}") = "Tyuiu.TernovoiDV.Sprint0.Task2.V0.Lib", "Tyuiu.TernovoiDV.Sprint0.Task2.V0.Lib\Tyuiu.TernovoiDV.Sprint0.Task2.V0.Lib.csproj", "{7B9A26AD-5090-4FA7-8F80-880E5F9FAD90}"
EndProject
Project("{FAE04EC0-301F-11D3-BF4B-00C04F79EFBC}") = "Tyuiu.TernovoiDV.Sprint0.Task2.V0.Test", "Tyuiu.TernovoiDV.Sprint0.Task2.V0.Test\Tyuiu.TernovoiDV.Sprint0.Task2.V0.Test.csproj", "{EC73A580-5153-4F24-8A86-B5BECA49C438}"
EndProject
Project("{2150E333-8FDC-42A3-9474-1A3956D46DE8}") = "Task3", "Task3", "{DB0DFDAE-3C2F-45F6-895D-E2845C116EF3}"
EndProject
Project("{FAE04EC0-301F-11D3-BF4B-00C04F79EFBC}") = "Tyuiu.TernovoiDV.Sprint0.Task3.V0.", "Tyuiu.TernovoiDV.Sprint0.Task3.V0\Tyuiu.TernovoiDV.Sprint0.Task3.V0..csproj", "{A9682184-A722-4297-85B7-CF1E005883C8}"
EndProject
Project("{FAE04EC0-301F-11D3-BF4B-00C04F79EFBC}") = "Tyuiu.TernovoiDV.Sprint0.Task3.V0.Lib", "Tyuiu.TernovoiDV.Sprint0.Task3.V0.Lib\Tyuiu.TernovoiDV.Sprint0.Task3.V0.Lib.csproj", "{1AB11E2D-D097-4259-8774-639F79C19B73}"
EndProject
Project("{FAE04EC0-301F-11D3-BF4B-00C04F79EFBC}") = "Tyuiu.TernovoiDV.Sprint0.Task3.V0.Test", "Tyuiu.TernovoiDV.Sprint0.Task3.V0.Test\Tyuiu.TernovoiDV.Sprint0.Task3.V0.Test.csproj", "{BF360A21-DE89-461A-9D0D-069076CADA64}"
EndProject
Project("{2150E333-8FDC-42A3-9474-1A3956D46DE8}") = "Task4", "Task4", "{AAA765A1-03F3-4544-BFE0-DA81C7A6EAEF}"
EndProject
Project("{FAE04EC0-301F-11D3-BF4B-00C04F79EFBC}") = "﻿using Tyuiu.TsarevDT.Sprint0.Task4.V0.Test", "﻿using Tyuiu.TsarevDT.Sprint0.Task4.V0.Test\﻿using Tyuiu.TsarevDT.Sprint0.Task4.V0.Test.csproj", "{955A10CB-D787-4329-B272-DE9810012405}"
EndProject
Project("{FAE04EC0-301F-11D3-BF4B-00C04F79EFBC}") = "﻿using Tyuiu.TsarevDT.Sprint0.Task4.V0.Lib", "﻿using Tyuiu.TsarevDT.Sprint0.Task3.V0.Lib\﻿using Tyuiu.TsarevDT.Sprint0.Task4.V0.Lib.csproj", "{A52FF989-78FB-44A8-8F40-F1950F3BDCDA}"
EndProject
Project("{FAE04EC0-301F-11D3-BF4B-00C04F79EFBC}") = "﻿using Tyuiu.TsarevDT.Sprint0.Task4.V0.", "﻿using Tyuiu.TsarevDT.Sprint0.Task4.V0\﻿using Tyuiu.TsarevDT.Sprint0.Task4.V0..csproj", "{2B6C97E0-15AC-417F-9F93-C23048EA8C21}"
EndProject
Project("{2150E333-8FDC-42A3-9474-1A3956D46DE8}") = "Task5", "Task5", "{A3D1D475-6C3B-4A7A-9299-BE3ACABB968F}"
EndProject
Project("{FAE04EC0-301F-11D3-BF4B-00C04F79EFBC}") = "﻿using Tyuiu.TsarevDT.Sprint0.Task5.V0.", "﻿using Tyuiu.TsarevDT.Sprint0.Task5.V0\﻿using Tyuiu.TsarevDT.Sprint0.Task5.V0..csproj", "{A9DA52B6-39FD-40C2-BF15-C8391F0A6B23}"
EndProject
Project("{FAE04EC0-301F-11D3-BF4B-00C04F79EFBC}") = "﻿using Tyuiu.TsarevDT.Sprint0.Task5.V0.Lib", "﻿using Tyuiu.TsarevDT.Sprint0.Task5.V0.Lib\﻿using Tyuiu.TsarevDT.Sprint0.Task5.V0.Lib.csproj", "{B36F9F85-324A-4019-8915-AB3C3B4E77C2}"
EndProject
Project("{FAE04EC0-301F-11D3-BF4B-00C04F79EFBC}") = "﻿using Tyuiu.TsarevDT.Sprint0.Task5.V0.Test", "﻿using Tyuiu.TsarevDT.Sprint0.Task5.V0.Test\﻿using Tyuiu.TsarevDT.Sprint0.Task5.V0.Test.csproj", "{99B71032-E298-4FBB-939A-07129112DBBB}"
EndProject
Project("{2150E333-8FDC-42A3-9474-1A3956D46DE8}") = "Task6", "Task6", "{B56729DF-8C2C-40D2-8497-8D585D32E08D}"
EndProject
Project("{FAE04EC0-301F-11D3-BF4B-00C04F79EFBC}") = "﻿namespace Tyuiu.TsarevDT.Sprint0.Task6.V0.Test", "﻿namespace Tyuiu.TsarevDT.Sprint0.Task6.V0.Test\﻿namespace Tyuiu.TsarevDT.Sprint0.Task6.V0.Test.csproj", "{114AC6B1-0D5D-49FC-A45B-C1BFE36292B0}"
EndProject
Project("{FAE04EC0-301F-11D3-BF4B-00C04F79EFBC}") = "﻿namespace Tyuiu.TsarevDT.Sprint0.Task6.V0.Lib", "﻿namespace Tyuiu.TsarevDT.Sprint0.Task6.V0.Lib\﻿namespace Tyuiu.TsarevDT.Sprint0.Task6.V0.Lib.csproj", "{9E924012-6BCC-445E-9DD7-5DF7A4A418BB}"
EndProject
Project("{FAE04EC0-301F-11D3-BF4B-00C04F79EFBC}") = "﻿namespace Tyuiu.TsarevDT.Sprint0.Task6.V0.", "﻿namespace Tyuiu.TsarevDT.Sprint0.Task6.V0\﻿namespace Tyuiu.TsarevDT.Sprint0.Task6.V0..csproj", "{D9B510BB-E84E-4484-BDB3-46DDF4C86F01}"
EndProject
Project("{2150E333-8FDC-42A3-9474-1A3956D46DE8}") = "Task7", "Task7", "{CCACE66A-AA46-4AF3-A970-E3820497C3B9}"
EndProject
Global
	GlobalSection(SolutionConfigurationPlatforms) = preSolution
		Debug|Any CPU = Debug|Any CPU
		Release|Any CPU = Release|Any CPU
	EndGlobalSection
	GlobalSection(ProjectConfigurationPlatforms) = postSolution
		{0419E199-8E57-4BBC-9DBE-A4CDE1960C0A}.Debug|Any CPU.ActiveCfg = Debug|Any CPU
		{0419E199-8E57-4BBC-9DBE-A4CDE1960C0A}.Debug|Any CPU.Build.0 = Debug|Any CPU
		{0419E199-8E57-4BBC-9DBE-A4CDE1960C0A}.Release|Any CPU.ActiveCfg = Release|Any CPU
		{0419E199-8E57-4BBC-9DBE-A4CDE1960C0A}.Release|Any CPU.Build.0 = Release|Any CPU
		{6133B689-FA16-41D4-ADFE-5A230DD55709}.Debug|Any CPU.ActiveCfg = Debug|Any CPU
		{6133B689-FA16-41D4-ADFE-5A230DD55709}.Debug|Any CPU.Build.0 = Debug|Any CPU
		{6133B689-FA16-41D4-ADFE-5A230DD55709}.Release|Any CPU.ActiveCfg = Release|Any CPU
		{6133B689-FA16-41D4-ADFE-5A230DD55709}.Release|Any CPU.Build.0 = Release|Any CPU
		{DD8657E6-0BF2-429C-8DA6-9358D19C5535}.Debug|Any CPU.ActiveCfg = Debug|Any CPU
		{DD8657E6-0BF2-429C-8DA6-9358D19C5535}.Debug|Any CPU.Build.0 = Debug|Any CPU
		{DD8657E6-0BF2-429C-8DA6-9358D19C5535}.Release|Any CPU.ActiveCfg = Release|Any CPU
		{DD8657E6-0BF2-429C-8DA6-9358D19C5535}.Release|Any CPU.Build.0 = Release|Any CPU
		{7B9A26AD-5090-4FA7-8F80-880E5F9FAD90}.Debug|Any CPU.ActiveCfg = Debug|Any CPU
		{7B9A26AD-5090-4FA7-8F80-880E5F9FAD90}.Debug|Any CPU.Build.0 = Debug|Any CPU
		{7B9A26AD-5090-4FA7-8F80-880E5F9FAD90}.Release|Any CPU.ActiveCfg = Release|Any CPU
		{7B9A26AD-5090-4FA7-8F80-880E5F9FAD90}.Release|Any CPU.Build.0 = Release|Any CPU
		{EC73A580-5153-4F24-8A86-B5BECA49C438}.Debug|Any CPU.ActiveCfg = Debug|Any CPU
		{EC73A580-5153-4F24-8A86-B5BECA49C438}.Debug|Any CPU.Build.0 = Debug|Any CPU
		{EC73A580-5153-4F24-8A86-B5BECA49C438}.Release|Any CPU.ActiveCfg = Release|Any CPU
		{EC73A580-5153-4F24-8A86-B5BECA49C438}.Release|Any CPU.Build.0 = Release|Any CPU
		{A9682184-A722-4297-85B7-CF1E005883C8}.Debug|Any CPU.ActiveCfg = Debug|Any CPU
		{A9682184-A722-4297-85B7-CF1E005883C8}.Debug|Any CPU.Build.0 = Debug|Any CPU
		{A9682184-A722-4297-85B7-CF1E005883C8}.Release|Any CPU.ActiveCfg = Release|Any CPU
		{A9682184-A722-4297-85B7-CF1E005883C8}.Release|Any CPU.Build.0 = Release|Any CPU
		{1AB11E2D-D097-4259-8774-639F79C19B73}.Debug|Any CPU.ActiveCfg = Debug|Any CPU
		{1AB11E2D-D097-4259-8774-639F79C19B73}.Debug|Any CPU.Build.0 = Debug|Any CPU
		{1AB11E2D-D097-4259-8774-639F79C19B73}.Release|Any CPU.ActiveCfg = Release|Any CPU
		{1AB11E2D-D097-4259-8774-639F79C19B73}.Release|Any CPU.Build.0 = Release|Any CPU
		{BF360A21-DE89-461A-9D0D-069076CADA64}.Debug|Any CPU.ActiveCfg = Debug|Any CPU
		{BF360A21-DE89-461A-9D0D-069076CADA64}.Debug|Any CPU.Build.0 = Debug|Any CPU
		{BF360A21-DE89-461A-9D0D-069076CADA64}.Release|Any CPU.ActiveCfg = Release|Any CPU
		{BF360A21-DE89-461A-9D0D-069076CADA64}.Release|Any CPU.Build.0 = Release|Any CPU
		{955A10CB-D787-4329-B272-DE9810012405}.Debug|Any CPU.ActiveCfg = Debug|Any CPU
		{955A10CB-D787-4329-B272-DE9810012405}.Debug|Any CPU.Build.0 = Debug|Any CPU
		{955A10CB-D787-4329-B272-DE9810012405}.Release|Any CPU.ActiveCfg = Release|Any CPU
		{955A10CB-D787-4329-B272-DE9810012405}.Release|Any CPU.Build.0 = Release|Any CPU
		{A52FF989-78FB-44A8-8F40-F1950F3BDCDA}.Debug|Any CPU.ActiveCfg = Debug|Any CPU
		{A52FF989-78FB-44A8-8F40-F1950F3BDCDA}.Debug|Any CPU.Build.0 = Debug|Any CPU
		{A52FF989-78FB-44A8-8F40-F1950F3BDCDA}.Release|Any CPU.ActiveCfg = Release|Any CPU
		{A52FF989-78FB-44A8-8F40-F1950F3BDCDA}.Release|Any CPU.Build.0 = Release|Any CPU
		{2B6C97E0-15AC-417F-9F93-C23048EA8C21}.Debug|Any CPU.ActiveCfg = Debug|Any CPU
		{2B6C97E0-15AC-417F-9F93-C23048EA8C21}.Debug|Any CPU.Build.0 = Debug|Any CPU
		{2B6C97E0-15AC-417F-9F93-C23048EA8C21}.Release|Any CPU.ActiveCfg = Release|Any CPU
		{2B6C97E0-15AC-417F-9F93-C23048EA8C21}.Release|Any CPU.Build.0 = Release|Any CPU
		{A9DA52B6-39FD-40C2-BF15-C8391F0A6B23}.Debug|Any CPU.ActiveCfg = Debug|Any CPU
		{A9DA52B6-39FD-40C2-BF15-C8391F0A6B23}.Debug|Any CPU.Build.0 = Debug|Any CPU
		{A9DA52B6-39FD-40C2-BF15-C8391F0A6B23}.Release|Any CPU.ActiveCfg = Release|Any CPU
		{A9DA52B6-39FD-40C2-BF15-C8391F0A6B23}.Release|Any CPU.Build.0 = Release|Any CPU
		{B36F9F85-324A-4019-8915-AB3C3B4E77C2}.Debug|Any CPU.ActiveCfg = Debug|Any CPU
		{B36F9F85-324A-4019-8915-AB3C3B4E77C2}.Debug|Any CPU.Build.0 = Debug|Any CPU
		{B36F9F85-324A-4019-8915-AB3C3B4E77C2}.Release|Any CPU.ActiveCfg = Release|Any CPU
		{B36F9F85-324A-4019-8915-AB3C3B4E77C2}.Release|Any CPU.Build.0 = Release|Any CPU
		{99B71032-E298-4FBB-939A-07129112DBBB}.Debug|Any CPU.ActiveCfg = Debug|Any CPU
		{99B71032-E298-4FBB-939A-07129112DBBB}.Debug|Any CPU.Build.0 = Debug|Any CPU
		{99B71032-E298-4FBB-939A-07129112DBBB}.Release|Any CPU.ActiveCfg = Release|Any CPU
		{99B71032-E298-4FBB-939A-07129112DBBB}.Release|Any CPU.Build.0 = Release|Any CPU
		{114AC6B1-0D5D-49FC-A45B-C1BFE36292B0}.Debug|Any CPU.ActiveCfg = Debug|Any CPU
		{114AC6B1-0D5D-49FC-A45B-C1BFE36292B0}.Debug|Any CPU.Build.0 = Debug|Any CPU
		{114AC6B1-0D5D-49FC-A45B-C1BFE36292B0}.Release|Any CPU.ActiveCfg = Release|Any CPU
		{114AC6B1-0D5D-49FC-A45B-C1BFE36292B0}.Release|Any CPU.Build.0 = Release|Any CPU
		{9E924012-6BCC-445E-9DD7-5DF7A4A418BB}.Debug|Any CPU.ActiveCfg = Debug|Any CPU
		{9E924012-6BCC-445E-9DD7-5DF7A4A418BB}.Debug|Any CPU.Build.0 = Debug|Any CPU
		{9E924012-6BCC-445E-9DD7-5DF7A4A418BB}.Release|Any CPU.ActiveCfg = Release|Any CPU
		{9E924012-6BCC-445E-9DD7-5DF7A4A418BB}.Release|Any CPU.Build.0 = Release|Any CPU
		{D9B510BB-E84E-4484-BDB3-46DDF4C86F01}.Debug|Any CPU.ActiveCfg = Debug|Any CPU
		{D9B510BB-E84E-4484-BDB3-46DDF4C86F01}.Debug|Any CPU.Build.0 = Debug|Any CPU
		{D9B510BB-E84E-4484-BDB3-46DDF4C86F01}.Release|Any CPU.ActiveCfg = Release|Any CPU
		{D9B510BB-E84E-4484-BDB3-46DDF4C86F01}.Release|Any CPU.Build.0 = Release|Any CPU
	EndGlobalSection
	GlobalSection(SolutionProperties) = preSolution
		HideSolutionNode = FALSE
	EndGlobalSection
	GlobalSection(NestedProjects) = preSolution
		{0419E199-8E57-4BBC-9DBE-A4CDE1960C0A} = {BA61FA1A-CB9B-4AA8-B9CB-84BDBF53BB53}
		{6133B689-FA16-41D4-ADFE-5A230DD55709} = {58852ACB-1A0B-485D-8FFE-3E62658C26A2}
		{DD8657E6-0BF2-429C-8DA6-9358D19C5535} = {F6F61B3E-E603-4987-99AA-A976C25590CF}
		{7B9A26AD-5090-4FA7-8F80-880E5F9FAD90} = {F6F61B3E-E603-4987-99AA-A976C25590CF}
		{EC73A580-5153-4F24-8A86-B5BECA49C438} = {F6F61B3E-E603-4987-99AA-A976C25590CF}
		{A9682184-A722-4297-85B7-CF1E005883C8} = {DB0DFDAE-3C2F-45F6-895D-E2845C116EF3}
		{1AB11E2D-D097-4259-8774-639F79C19B73} = {DB0DFDAE-3C2F-45F6-895D-E2845C116EF3}
		{BF360A21-DE89-461A-9D0D-069076CADA64} = {DB0DFDAE-3C2F-45F6-895D-E2845C116EF3}
		{955A10CB-D787-4329-B272-DE9810012405} = {AAA765A1-03F3-4544-BFE0-DA81C7A6EAEF}
		{A52FF989-78FB-44A8-8F40-F1950F3BDCDA} = {AAA765A1-03F3-4544-BFE0-DA81C7A6EAEF}
		{2B6C97E0-15AC-417F-9F93-C23048EA8C21} = {AAA765A1-03F3-4544-BFE0-DA81C7A6EAEF}
		{A9DA52B6-39FD-40C2-BF15-C8391F0A6B23} = {A3D1D475-6C3B-4A7A-9299-BE3ACABB968F}
		{B36F9F85-324A-4019-8915-AB3C3B4E77C2} = {A3D1D475-6C3B-4A7A-9299-BE3ACABB968F}
		{99B71032-E298-4FBB-939A-07129112DBBB} = {A3D1D475-6C3B-4A7A-9299-BE3ACABB968F}
		{114AC6B1-0D5D-49FC-A45B-C1BFE36292B0} = {B56729DF-8C2C-40D2-8497-8D585D32E08D}
		{9E924012-6BCC-445E-9DD7-5DF7A4A418BB} = {B56729DF-8C2C-40D2-8497-8D585D32E08D}
		{D9B510BB-E84E-4484-BDB3-46DDF4C86F01} = {B56729DF-8C2C-40D2-8497-8D585D32E08D}
	EndGlobalSection
	GlobalSection(ExtensibilityGlobals) = postSolution
		SolutionGuid = {33EEA28F-438C-4F32-9910-63AE600F03EB}
	EndGlobalSection
EndGlobal
